# THIS IS AN AUTOGENERATED FILE. DO NOT EDIT THIS FILE DIRECTLY.
# yarn lockfile v1


ccxt@^1.87.13:
  version "1.87.13"
  resolved "https://registry.yarnpkg.com/ccxt/-/ccxt-1.87.13.tgz#cd3e4ebdf920d25d3501b200b55b6906cbd6c623"
  integrity sha512-Xm5GO3ceQWY2QLI1xTHjGtMzhmz7wLSr4RHeJvyybVZKaBC2Q/m0dTuAjEU1TDn6UwLFbzAOh1CVKHBmzFapSA==
